{
  "version": 4,
  "terraform_version": "1.5.0",
  "serial": 410,
  "lineage": "7933c18e-7b21-f704-0830-514ddf906e50",
  "outputs": {},
  "resources": [
    {
      "mode": "data",
      "type": "azurerm_cosmosdb_account",
      "name": "projectcosmosdbacct",
      "provider": "provider[\"registry.terraform.io/hashicorp/azurerm\"]",
      "instances": [
        {
          "schema_version": 0,
          "attributes": {
            "capabilities": [
              {
                "name": "MongoDBv3.4"
              },
              {
                "name": "mongoEnableDocLevelTTL"
              },
              {
                "name": "EnableMongo"
              },
              {
                "name": "EnableAggregationPipeline"
              }
            ],
            "consistency_policy": [
              {
                "consistency_level": "Strong",
                "max_interval_in_seconds": 5,
                "max_staleness_prefix": 100
              }
            ],
            "enable_automatic_failover": false,
            "enable_free_tier": false,
            "enable_multiple_write_locations": false,
            "endpoint": "https://projectcosmosdbacct.documents.azure.com:443/",
            "geo_location": [
              {
                "failover_priority": 0,
                "id": "projectcosmosdbacct-uksouth",
                "location": "uksouth"
              }
            ],
            "id": "/subscriptions/27797fca-63b0-46fd-87c7-0757c81e041a/resourceGroups/project_rg/providers/Microsoft.DocumentDB/databaseAccounts/projectcosmosdbacct",
            "ip_range_filter": "",
            "is_virtual_network_filter_enabled": false,
            "key_vault_key_id": null,
            "kind": "MongoDB",
            "location": "uksouth",
            "name": "projectcosmosdbacct",
            "offer_type": "Standard",
            "primary_key": "r6galoa8wrrQnTrzs4fXTeu8HfGxEu2M04F2SJvbMXi9RcaHRfXDk9YENfE2oC2m5supnPKNBr1iACDbEqgkHg==",
            "primary_readonly_key": "DWUfHCadL7yRKC734zB4IarmKxLkPNYnLMTMh7FzUDcZGQ4ahiuwN7zRtBIzjbdHeKSn8SIscIJrACDbFlBN3w==",
            "read_endpoints": [
              "https://projectcosmosdbacct-uksouth.documents.azure.com:443/"
            ],
            "resource_group_name": "project_rg",
            "secondary_key": "lXn0oGHDo7CUh5qC1cDhypKpAQCO7jIty8caHk1lHb1aIrsd8Fnqz6Cb4I5lG5O5lDLNMIepSsX3ACDb8vSUuA==",
            "secondary_readonly_key": "boPSyiT41ILouy1WhqWsLSC4HHqDI6c31abdwryKzKV1tOuO1a6nQMlXAU4SUU8aDFbLqyWJCfITACDb07GwNQ==",
            "tags": {},
            "timeouts": null,
            "virtual_network_rule": [],
            "write_endpoints": [
              "https://projectcosmosdbacct-uksouth.documents.azure.com:443/"
            ]
          },
          "sensitive_attributes": []
        }
      ]
    },
    {
      "mode": "managed",
      "type": "azurerm_app_service_source_control",
      "name": "sourcecontrol",
      "provider": "provider[\"registry.terraform.io/hashicorp/azurerm\"]",
      "instances": [
        {
          "schema_version": 0,
          "attributes": {
            "app_id": "/subscriptions/27797fca-63b0-46fd-87c7-0757c81e041a/resourceGroups/project_rg/providers/Microsoft.Web/sites/MyNodeJsAppproject",
            "branch": "main",
            "github_action_configuration": [
              {
                "code_configuration": [
                  {
                    "runtime_stack": "node",
                    "runtime_version": "16.0.0"
                  }
                ],
                "container_configuration": [],
                "generate_workflow_file": true,
                "linux_action": false
              }
            ],
            "id": "/subscriptions/27797fca-63b0-46fd-87c7-0757c81e041a/resourceGroups/project_rg/providers/Microsoft.Web/sites/MyNodeJsAppproject",
            "repo_url": "https://github.com/db9crt/node-mongodb-app",
            "rollback_enabled": false,
            "scm_type": "GitHubAction",
            "timeouts": null,
            "use_local_git": false,
            "use_manual_integration": false,
            "use_mercurial": false,
            "uses_github_action": true
          },
          "sensitive_attributes": [],
          "private": "eyJlMmJmYjczMC1lY2FhLTExZTYtOGY4OC0zNDM2M2JjN2M0YzAiOnsiY3JlYXRlIjoxODAwMDAwMDAwMDAwLCJkZWxldGUiOjE4MDAwMDAwMDAwMDAsInJlYWQiOjMwMDAwMDAwMDAwMH19",
          "dependencies": [
            "azurerm_cosmosdb_account.projectcosmosdbacct",
            "azurerm_cosmosdb_mongo_database.project_cosmosdb",
            "azurerm_resource_group.project_rg",
            "azurerm_service_plan.project_appplan",
            "azurerm_source_control_token.dobble_token",
            "azurerm_windows_web_app.MyNodeJsApp",
            "data.azurerm_cosmosdb_account.projectcosmosdbacct"
          ]
        }
      ]
    },
    {
      "mode": "managed",
      "type": "azurerm_cosmosdb_account",
      "name": "projectcosmosdbacct",
      "provider": "provider[\"registry.terraform.io/hashicorp/azurerm\"]",
      "instances": [
        {
          "schema_version": 0,
          "attributes": {
            "access_key_metadata_writes_enabled": true,
            "analytical_storage": [
              {
                "schema_type": "FullFidelity"
              }
            ],
            "analytical_storage_enabled": false,
            "backup": [
              {
                "interval_in_minutes": 240,
                "retention_in_hours": 8,
                "storage_redundancy": "Geo",
                "type": "Periodic"
              }
            ],
            "capabilities": [
              {
                "name": "EnableAggregationPipeline"
              },
              {
                "name": "EnableMongo"
              },
              {
                "name": "MongoDBv3.4"
              },
              {
                "name": "mongoEnableDocLevelTTL"
              }
            ],
            "capacity": [],
            "connection_strings": [
              "mongodb://projectcosmosdbacct:r6galoa8wrrQnTrzs4fXTeu8HfGxEu2M04F2SJvbMXi9RcaHRfXDk9YENfE2oC2m5supnPKNBr1iACDbEqgkHg==@projectcosmosdbacct.mongo.cosmos.azure.com:10255/?ssl=true\u0026replicaSet=globaldb\u0026retrywrites=false\u0026maxIdleTimeMS=120000\u0026appName=@projectcosmosdbacct@",
              "mongodb://projectcosmosdbacct:lXn0oGHDo7CUh5qC1cDhypKpAQCO7jIty8caHk1lHb1aIrsd8Fnqz6Cb4I5lG5O5lDLNMIepSsX3ACDb8vSUuA==@projectcosmosdbacct.mongo.cosmos.azure.com:10255/?ssl=true\u0026replicaSet=globaldb\u0026retrywrites=false\u0026maxIdleTimeMS=120000\u0026appName=@projectcosmosdbacct@",
              "mongodb://projectcosmosdbacct:DWUfHCadL7yRKC734zB4IarmKxLkPNYnLMTMh7FzUDcZGQ4ahiuwN7zRtBIzjbdHeKSn8SIscIJrACDbFlBN3w==@projectcosmosdbacct.mongo.cosmos.azure.com:10255/?ssl=true\u0026replicaSet=globaldb\u0026retrywrites=false\u0026maxIdleTimeMS=120000\u0026appName=@projectcosmosdbacct@",
              "mongodb://projectcosmosdbacct:boPSyiT41ILouy1WhqWsLSC4HHqDI6c31abdwryKzKV1tOuO1a6nQMlXAU4SUU8aDFbLqyWJCfITACDb07GwNQ==@projectcosmosdbacct.mongo.cosmos.azure.com:10255/?ssl=true\u0026replicaSet=globaldb\u0026retrywrites=false\u0026maxIdleTimeMS=120000\u0026appName=@projectcosmosdbacct@"
            ],
            "consistency_policy": [
              {
                "consistency_level": "Strong",
                "max_interval_in_seconds": 5,
                "max_staleness_prefix": 100
              }
            ],
            "cors_rule": [],
            "create_mode": "",
            "default_identity_type": "FirstPartyIdentity",
            "enable_automatic_failover": false,
            "enable_free_tier": false,
            "enable_multiple_write_locations": false,
            "endpoint": "https://projectcosmosdbacct.documents.azure.com:443/",
            "geo_location": [
              {
                "failover_priority": 0,
                "id": "projectcosmosdbacct-uksouth",
                "location": "uksouth",
                "zone_redundant": false
              }
            ],
            "id": "/subscriptions/27797fca-63b0-46fd-87c7-0757c81e041a/resourceGroups/project_rg/providers/Microsoft.DocumentDB/databaseAccounts/projectcosmosdbacct",
            "identity": [],
            "ip_range_filter": "",
            "is_virtual_network_filter_enabled": false,
            "key_vault_key_id": null,
            "kind": "MongoDB",
            "local_authentication_disabled": false,
            "location": "uksouth",
            "mongo_server_version": "3.6",
            "name": "projectcosmosdbacct",
            "network_acl_bypass_for_azure_services": false,
            "network_acl_bypass_ids": null,
            "offer_type": "Standard",
            "primary_key": "r6galoa8wrrQnTrzs4fXTeu8HfGxEu2M04F2SJvbMXi9RcaHRfXDk9YENfE2oC2m5supnPKNBr1iACDbEqgkHg==",
            "primary_readonly_key": "DWUfHCadL7yRKC734zB4IarmKxLkPNYnLMTMh7FzUDcZGQ4ahiuwN7zRtBIzjbdHeKSn8SIscIJrACDbFlBN3w==",
            "public_network_access_enabled": true,
            "read_endpoints": [
              "https://projectcosmosdbacct-uksouth.documents.azure.com:443/"
            ],
            "resource_group_name": "project_rg",
            "restore": [],
            "secondary_key": "lXn0oGHDo7CUh5qC1cDhypKpAQCO7jIty8caHk1lHb1aIrsd8Fnqz6Cb4I5lG5O5lDLNMIepSsX3ACDb8vSUuA==",
            "secondary_readonly_key": "boPSyiT41ILouy1WhqWsLSC4HHqDI6c31abdwryKzKV1tOuO1a6nQMlXAU4SUU8aDFbLqyWJCfITACDb07GwNQ==",
            "tags": null,
            "timeouts": null,
            "virtual_network_rule": [],
            "write_endpoints": [
              "https://projectcosmosdbacct-uksouth.documents.azure.com:443/"
            ]
          },
          "sensitive_attributes": [],
          "private": "eyJlMmJmYjczMC1lY2FhLTExZTYtOGY4OC0zNDM2M2JjN2M0YzAiOnsiY3JlYXRlIjoxMDgwMDAwMDAwMDAwMCwiZGVsZXRlIjoxMDgwMDAwMDAwMDAwMCwicmVhZCI6MzAwMDAwMDAwMDAwLCJ1cGRhdGUiOjEwODAwMDAwMDAwMDAwfX0=",
          "dependencies": [
            "azurerm_resource_group.project_rg"
          ]
        }
      ]
    },
    {
      "mode": "managed",
      "type": "azurerm_cosmosdb_mongo_collection",
      "name": "projectmongoCollection",
      "provider": "provider[\"registry.terraform.io/hashicorp/azurerm\"]",
      "instances": [
        {
          "schema_version": 1,
          "attributes": {
            "account_name": "projectcosmosdbacct",
            "analytical_storage_ttl": 0,
            "autoscale_settings": [],
            "database_name": "project_cosmosdb",
            "default_ttl_seconds": 777,
            "id": "/subscriptions/27797fca-63b0-46fd-87c7-0757c81e041a/resourceGroups/project_rg/providers/Microsoft.DocumentDB/databaseAccounts/projectcosmosdbacct/mongodbDatabases/project_cosmosdb/collections/projectmongoCollection",
            "index": [
              {
                "keys": [
                  "_id"
                ],
                "unique": true
              }
            ],
            "name": "projectmongoCollection",
            "resource_group_name": "project_rg",
            "shard_key": "uniqueKey",
            "system_indexes": [
              {
                "keys": [
                  "_id"
                ],
                "unique": true
              }
            ],
            "throughput": 400,
            "timeouts": null
          },
          "sensitive_attributes": [],
          "private": "eyJlMmJmYjczMC1lY2FhLTExZTYtOGY4OC0zNDM2M2JjN2M0YzAiOnsiY3JlYXRlIjoxODAwMDAwMDAwMDAwLCJkZWxldGUiOjE4MDAwMDAwMDAwMDAsInJlYWQiOjMwMDAwMDAwMDAwMCwidXBkYXRlIjoxODAwMDAwMDAwMDAwfSwic2NoZW1hX3ZlcnNpb24iOiIxIn0=",
          "dependencies": [
            "azurerm_cosmosdb_account.projectcosmosdbacct",
            "azurerm_cosmosdb_mongo_database.project_cosmosdb",
            "azurerm_resource_group.project_rg",
            "data.azurerm_cosmosdb_account.projectcosmosdbacct"
          ]
        }
      ]
    },
    {
      "mode": "managed",
      "type": "azurerm_cosmosdb_mongo_database",
      "name": "project_cosmosdb",
      "provider": "provider[\"registry.terraform.io/hashicorp/azurerm\"]",
      "instances": [
        {
          "schema_version": 1,
          "attributes": {
            "account_name": "projectcosmosdbacct",
            "autoscale_settings": [],
            "id": "/subscriptions/27797fca-63b0-46fd-87c7-0757c81e041a/resourceGroups/project_rg/providers/Microsoft.DocumentDB/databaseAccounts/projectcosmosdbacct/mongodbDatabases/project_cosmosdb",
            "name": "project_cosmosdb",
            "resource_group_name": "project_rg",
            "throughput": 400,
            "timeouts": null
          },
          "sensitive_attributes": [],
          "private": "eyJlMmJmYjczMC1lY2FhLTExZTYtOGY4OC0zNDM2M2JjN2M0YzAiOnsiY3JlYXRlIjoxODAwMDAwMDAwMDAwLCJkZWxldGUiOjE4MDAwMDAwMDAwMDAsInJlYWQiOjMwMDAwMDAwMDAwMCwidXBkYXRlIjoxODAwMDAwMDAwMDAwfSwic2NoZW1hX3ZlcnNpb24iOiIxIn0=",
          "dependencies": [
            "azurerm_cosmosdb_account.projectcosmosdbacct",
            "azurerm_resource_group.project_rg",
            "data.azurerm_cosmosdb_account.projectcosmosdbacct"
          ]
        }
      ]
    },
    {
      "mode": "managed",
      "type": "azurerm_resource_group",
      "name": "project_rg",
      "provider": "provider[\"registry.terraform.io/hashicorp/azurerm\"]",
      "instances": [
        {
          "schema_version": 0,
          "attributes": {
            "id": "/subscriptions/27797fca-63b0-46fd-87c7-0757c81e041a/resourceGroups/project_rg",
            "location": "uksouth",
            "name": "project_rg",
            "tags": null,
            "timeouts": null
          },
          "sensitive_attributes": [],
          "private": "eyJlMmJmYjczMC1lY2FhLTExZTYtOGY4OC0zNDM2M2JjN2M0YzAiOnsiY3JlYXRlIjo1NDAwMDAwMDAwMDAwLCJkZWxldGUiOjU0MDAwMDAwMDAwMDAsInJlYWQiOjMwMDAwMDAwMDAwMCwidXBkYXRlIjo1NDAwMDAwMDAwMDAwfX0="
        }
      ]
    },
    {
      "mode": "managed",
      "type": "azurerm_service_plan",
      "name": "project_appplan",
      "provider": "provider[\"registry.terraform.io/hashicorp/azurerm\"]",
      "instances": [
        {
          "schema_version": 0,
          "attributes": {
            "app_service_environment_id": "",
            "id": "/subscriptions/27797fca-63b0-46fd-87c7-0757c81e041a/resourceGroups/project_rg/providers/Microsoft.Web/serverfarms/project-appserviceplan",
            "kind": "app",
            "location": "uksouth",
            "maximum_elastic_worker_count": 1,
            "name": "project-appserviceplan",
            "os_type": "Windows",
            "per_site_scaling_enabled": false,
            "reserved": false,
            "resource_group_name": "project_rg",
            "sku_name": "S1",
            "tags": null,
            "timeouts": null,
            "worker_count": 1
          },
          "sensitive_attributes": [],
          "private": "eyJlMmJmYjczMC1lY2FhLTExZTYtOGY4OC0zNDM2M2JjN2M0YzAiOnsiY3JlYXRlIjozNjAwMDAwMDAwMDAwLCJkZWxldGUiOjM2MDAwMDAwMDAwMDAsInJlYWQiOjMwMDAwMDAwMDAwMCwidXBkYXRlIjozNjAwMDAwMDAwMDAwfX0=",
          "dependencies": [
            "azurerm_resource_group.project_rg"
          ]
        }
      ]
    },
    {
      "mode": "managed",
      "type": "azurerm_source_control_token",
      "name": "dobble_token",
      "provider": "provider[\"registry.terraform.io/hashicorp/azurerm\"]",
      "instances": [
        {
          "schema_version": 0,
          "attributes": {
            "id": "/providers/Microsoft.Web/sourceControls/GitHub",
            "timeouts": null,
            "token": "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",
            "token_secret": "",
            "type": "GitHub"
          },
          "sensitive_attributes": [],
          "private": "eyJlMmJmYjczMC1lY2FhLTExZTYtOGY4OC0zNDM2M2JjN2M0YzAiOnsiY3JlYXRlIjozMDAwMDAwMDAwMDAsImRlbGV0ZSI6MzAwMDAwMDAwMDAwLCJyZWFkIjozMDAwMDAwMDAwMDAsInVwZGF0ZSI6MzAwMDAwMDAwMDAwfX0="
        }
      ]
    },
    {
      "mode": "managed",
      "type": "azurerm_windows_web_app",
      "name": "MyNodeJsApp",
      "provider": "provider[\"registry.terraform.io/hashicorp/azurerm\"]",
      "instances": [
        {
          "schema_version": 0,
          "attributes": {
            "app_settings": {
              "DATABASE_NAME": "project_cosmosdb",
              "DATABASE_URL": "mongodb://projectcosmosdbacct:r6galoa8wrrQnTrzs4fXTeu8HfGxEu2M04F2SJvbMXi9RcaHRfXDk9YENfE2oC2m5supnPKNBr1iACDbEqgkHg==@projectcosmosdbacct.mongo.cosmos.azure.com:10255/?ssl=true\u0026replicaSet=globaldb\u0026retrywrites=false\u0026maxIdleTimeMS=120000\u0026appName=@projectcosmosdbacct@",
              "SCM_DO_BUILD_DURING_DEPLOYMENT": "true",
              "WEBSITE_NODE_DEFAULT_VERSION": "16-LTS"
            },
            "auth_settings": [
              {
                "active_directory": [],
                "additional_login_parameters": {},
                "allowed_external_redirect_urls": [],
                "default_provider": "",
                "enabled": false,
                "facebook": [],
                "github": [],
                "google": [],
                "issuer": "",
                "microsoft": [],
                "runtime_version": "",
                "token_refresh_extension_hours": 0,
                "token_store_enabled": false,
                "twitter": [],
                "unauthenticated_client_action": ""
              }
            ],
            "backup": [],
            "client_affinity_enabled": false,
            "client_certificate_enabled": false,
            "client_certificate_mode": "Required",
            "connection_string": [],
            "custom_domain_verification_id": "CB7128556088ECC1D8993911814E18A8A909A81F8D7B26B4F32348A371318E71",
            "default_hostname": "mynodejsappproject.azurewebsites.net",
            "enabled": true,
            "https_only": false,
            "id": "/subscriptions/27797fca-63b0-46fd-87c7-0757c81e041a/resourceGroups/project_rg/providers/Microsoft.Web/sites/MyNodeJsAppproject",
            "identity": [],
            "key_vault_reference_identity_id": "SystemAssigned",
            "kind": "app",
            "location": "uksouth",
            "logs": [],
            "name": "MyNodeJsAppproject",
            "outbound_ip_address_list": [
              "20.26.35.150",
              "20.26.36.19",
              "20.26.36.46",
              "20.26.36.174",
              "20.26.37.28",
              "20.26.37.201",
              "20.90.134.20"
            ],
            "outbound_ip_addresses": "20.26.35.150,20.26.36.19,20.26.36.46,20.26.36.174,20.26.37.28,20.26.37.201,20.90.134.20",
            "possible_outbound_ip_address_list": [
              "20.26.35.150",
              "20.26.36.19",
              "20.26.36.46",
              "20.26.36.174",
              "20.26.37.28",
              "20.26.37.201",
              "20.26.33.69",
              "20.26.37.202",
              "20.26.38.64",
              "20.26.38.93",
              "20.26.38.155",
              "20.26.38.234",
              "20.26.39.174",
              "20.26.176.50",
              "20.26.176.99",
              "20.26.176.109",
              "20.26.176.225",
              "20.26.177.41",
              "20.26.177.47",
              "20.26.177.74",
              "20.26.177.85",
              "20.26.177.112",
              "20.26.32.47",
              "20.26.177.116",
              "20.26.177.144",
              "20.26.177.183",
              "20.26.32.220",
              "20.26.34.236",
              "20.26.32.212",
              "20.26.177.225",
              "20.90.134.20"
            ],
            "possible_outbound_ip_addresses": "20.26.35.150,20.26.36.19,20.26.36.46,20.26.36.174,20.26.37.28,20.26.37.201,20.26.33.69,20.26.37.202,20.26.38.64,20.26.38.93,20.26.38.155,20.26.38.234,20.26.39.174,20.26.176.50,20.26.176.99,20.26.176.109,20.26.176.225,20.26.177.41,20.26.177.47,20.26.177.74,20.26.177.85,20.26.177.112,20.26.32.47,20.26.177.116,20.26.177.144,20.26.177.183,20.26.32.220,20.26.34.236,20.26.32.212,20.26.177.225,20.90.134.20",
            "resource_group_name": "project_rg",
            "service_plan_id": "/subscriptions/27797fca-63b0-46fd-87c7-0757c81e041a/resourceGroups/project_rg/providers/Microsoft.Web/serverfarms/project-appserviceplan",
            "site_config": [
              {
                "always_on": true,
                "api_definition_url": "",
                "api_management_api_id": "",
                "app_command_line": "",
                "application_stack": [
                  {
                    "current_stack": "node",
                    "docker_container_name": "",
                    "docker_container_registry": "",
                    "docker_container_tag": "",
                    "dotnet_version": "",
                    "java_container": "",
                    "java_container_version": "",
                    "java_version": "",
                    "node_version": "16-LTS",
                    "php_version": "",
                    "python_version": ""
                  }
                ],
                "auto_heal_enabled": false,
                "auto_heal_setting": [],
                "container_registry_managed_identity_client_id": "",
                "container_registry_use_managed_identity": false,
                "cors": [],
                "default_documents": [
                  "Default.htm",
                  "Default.html",
                  "Default.asp",
                  "index.htm",
                  "index.html",
                  "iisstart.htm",
                  "default.aspx",
                  "index.php",
                  "hostingstart.html"
                ],
                "detailed_error_logging_enabled": false,
                "ftps_state": "Disabled",
                "health_check_eviction_time_in_min": 0,
                "health_check_path": "",
                "http2_enabled": false,
                "ip_restriction": [],
                "linux_fx_version": "",
                "load_balancing_mode": "LeastRequests",
                "local_mysql_enabled": false,
                "managed_pipeline_mode": "Integrated",
                "minimum_tls_version": "1.2",
                "remote_debugging_enabled": false,
                "remote_debugging_version": "VS2019",
                "scm_ip_restriction": [],
                "scm_minimum_tls_version": "1.2",
                "scm_type": "None",
                "scm_use_main_ip_restriction": false,
                "use_32_bit_worker": true,
                "virtual_application": [],
                "vnet_route_all_enabled": false,
                "websockets_enabled": false,
                "windows_fx_version": "",
                "worker_count": 1
              }
            ],
            "site_credential": [
              {
                "name": "$MyNodeJsAppproject",
                "password": "Hi4sSSoyLLAX7ShirveuobzhkABGj1f7nxA4hv7S0WiucS0jFRGAWmRia0Cj"
              }
            ],
            "storage_account": [],
            "tags": null,
            "timeouts": null
          },
          "sensitive_attributes": [
            [
              {
                "type": "get_attr",
                "value": "app_settings"
              },
              {
                "type": "index",
                "value": {
                  "value": "DATABASE_URL",
                  "type": "string"
                }
              }
            ]
          ],
          "private": "eyJlMmJmYjczMC1lY2FhLTExZTYtOGY4OC0zNDM2M2JjN2M0YzAiOnsiY3JlYXRlIjoxODAwMDAwMDAwMDAwLCJkZWxldGUiOjE4MDAwMDAwMDAwMDAsInJlYWQiOjMwMDAwMDAwMDAwMCwidXBkYXRlIjoxODAwMDAwMDAwMDAwfX0=",
          "dependencies": [
            "azurerm_cosmosdb_account.projectcosmosdbacct",
            "azurerm_cosmosdb_mongo_database.project_cosmosdb",
            "azurerm_resource_group.project_rg",
            "azurerm_service_plan.project_appplan",
            "data.azurerm_cosmosdb_account.projectcosmosdbacct"
          ]
        }
      ]
    }
  ],
  "check_results": null
}
